
Microsoft Visual Studio Solution File, Format Version 10.00
# Visual Studio 2008
Project("{2150E333-8FDC-42A3-9474-1A3956D46DE8}") = "Common", "Common", "{CC0488B2-E368-4D43-B488-23D5C27BBC99}"
EndProject
Project("{2150E333-8FDC-42A3-9474-1A3956D46DE8}") = "BusinessServices", "BusinessServices", "{38C59B26-0545-4AB3-A64D-3F9EE0F4CD13}"
EndProject
Project("{2150E333-8FDC-42A3-9474-1A3956D46DE8}") = "DataServices", "DataServices", "{8C2C03E0-B295-4956-9751-19E439E95DC8}"
EndProject
Project("{2150E333-8FDC-42A3-9474-1A3956D46DE8}") = "UserServices", "UserServices", "{FF051E56-66EB-4F3D-8642-0764029CD9E7}"
EndProject
Project("{2150E333-8FDC-42A3-9474-1A3956D46DE8}") = "Tests", "Tests", "{D2DF2050-E791-41C9-A599-821FDF8697CF}"
EndProject
Project("{2150E333-8FDC-42A3-9474-1A3956D46DE8}") = "Solution Items", "Solution Items", "{BBD3468D-9C73-4EF8-9EF1-988915FCF2EC}"
	ProjectSection(SolutionItems) = preProject
		localtestrun.testrunconfig = localtestrun.testrunconfig
	EndProjectSection
EndProject
Project("{FAE04EC0-301F-11D3-BF4B-00C04F79EFBC}") = "BusinessFacades", "BusinessServices\BusinessFacades\BusinessFacades.csproj", "{3DD51EC0-086F-4849-83E7-8674125202D4}"
EndProject
Project("{FAE04EC0-301F-11D3-BF4B-00C04F79EFBC}") = "DALCDeleteHelpers", "DataServices\DALCDeleteHelpers\DALCDeleteHelpers.csproj", "{095683DC-69BE-442D-88D8-5E11B92CE2F8}"
EndProject
Project("{FAE04EC0-301F-11D3-BF4B-00C04F79EFBC}") = "DALCInsertHelpers", "DataServices\DALCInsertHelpers\DALCInsertHelpers.csproj", "{23CCA065-B2C4-45AE-8E14-1447EB2538CE}"
EndProject
Project("{FAE04EC0-301F-11D3-BF4B-00C04F79EFBC}") = "DALCQueryHelpers", "DataServices\DALCQueryHelpers\DALCQueryHelpers.csproj", "{41E9FBDD-3643-45D3-88D6-B00256CE0FC9}"
EndProject
Project("{FAE04EC0-301F-11D3-BF4B-00C04F79EFBC}") = "DALCUpdateHelpers", "DataServices\DALCUpdateHelpers\DALCUpdateHelpers.csproj", "{0EEEA00C-A631-4178-ABF8-BB06C2C6441D}"
EndProject
Project("{FAE04EC0-301F-11D3-BF4B-00C04F79EFBC}") = "DataAccessLogicComponents", "DataServices\DataAccessLogicComponents\DataAccessLogicComponents.csproj", "{46F57744-66AE-47C3-AFE2-0FC8739439A9}"
EndProject
Project("{FAE04EC0-301F-11D3-BF4B-00C04F79EFBC}") = "DataAccessObjects", "DataServices\DataAccessObjects\DataAccessObjects.csproj", "{2E50D81E-2980-45A7-85B6-F6D2C0A09DCD}"
EndProject
Project("{FAE04EC0-301F-11D3-BF4B-00C04F79EFBC}") = "QueryHelpers", "DataServices\QueryHelpers\QueryHelpers.csproj", "{69941DE0-522C-4335-A4B9-869A861E2190}"
EndProject
Project("{FAE04EC0-301F-11D3-BF4B-00C04F79EFBC}") = "UpdateHelpers", "DataServices\UpdateHelpers\UpdateHelpers.csproj", "{FE29E9AE-7B0F-42CC-B0EA-B4EDD95A666B}"
EndProject
Project("{E24C65DC-7377-472B-9ABA-BC803B73C61A}") = "NPCMemberWeb", "UserServices\NPCMemberWeb", "{EBBBDF7E-97A0-4AAF-8F4D-3B0204209E29}"
	ProjectSection(WebsiteProperties) = preProject
		SccProjectName = "SAK"
		SccAuxPath = "SAK"
		SccLocalPath = "SAK"
		SccProvider = "SAK"
		ProjectReferences = "{22075CDE-6EE3-4C57-A193-856CFA82D464}|us.naturalproduct.Common.dll;{AB94C7C8-B53F-4F61-99B9-F0F5738ECB11}|us.naturalproduct.DataTransferObjects.dll;{3DD51EC0-086F-4849-83E7-8674125202D4}|us.naturalproduct.BusinessFacades.dll;"
		Debug.AspNetCompiler.VirtualPath = "/NPCMemberWeb"
		Debug.AspNetCompiler.PhysicalPath = "UserServices\NPCMemberWeb\"
		Debug.AspNetCompiler.TargetPath = "PrecompiledWeb\NPCMemberWeb\"
		Debug.AspNetCompiler.Updateable = "false"
		Debug.AspNetCompiler.ForceOverwrite = "true"
		Debug.AspNetCompiler.FixedNames = "false"
		Debug.AspNetCompiler.Debug = "True"
		Release.AspNetCompiler.VirtualPath = "/NPCMemberWeb"
		Release.AspNetCompiler.PhysicalPath = "UserServices\NPCMemberWeb\"
		Release.AspNetCompiler.TargetPath = "PrecompiledWeb\NPCMemberWeb\"
		Release.AspNetCompiler.Updateable = "false"
		Release.AspNetCompiler.ForceOverwrite = "true"
		Release.AspNetCompiler.FixedNames = "false"
		Release.AspNetCompiler.Debug = "False"
		VWDPort = "3161"
		DefaultWebSiteLanguage = "Visual C#"
	EndProjectSection
EndProject
Project("{FAE04EC0-301F-11D3-BF4B-00C04F79EFBC}") = "DataTransferObjects", "DataServices\DataTransferObjects\DataTransferObjects.csproj", "{AB94C7C8-B53F-4F61-99B9-F0F5738ECB11}"
EndProject
Project("{FAE04EC0-301F-11D3-BF4B-00C04F79EFBC}") = "Common", "Common\Common.csproj", "{22075CDE-6EE3-4C57-A193-856CFA82D464}"
EndProject
Project("{FAE04EC0-301F-11D3-BF4B-00C04F79EFBC}") = "BusinessComponents", "BusinessServices\BusinessComponents\BusinessComponents.csproj", "{ABDBA4D9-F4AC-43BE-99CF-2560E10BCB6E}"
EndProject
Project("{FAE04EC0-301F-11D3-BF4B-00C04F79EFBC}") = "BusinessConstants", "BusinessServices\BusinessConstants\BusinessConstants.csproj", "{D08043EE-E964-4AD7-A300-05C510CD24CF}"
EndProject
Project("{FAE04EC0-301F-11D3-BF4B-00C04F79EFBC}") = "BusinessObjects", "BusinessServices\BusinessObjects\BusinessObjects.csproj", "{8C638125-49FD-465C-B22F-703BA36D0A2B}"
EndProject
Project("{A9ACE9BB-CECE-4E62-9AA4-C7E7C5BD2124}") = "NPC", "DataServices\NPC\NPC.dbproj", "{70DD6C7F-475D-4A3B-A65F-7B05BD1A93FB}"
	ProjectSection(WebsiteProperties) = preProject
		Debug.AspNetCompiler.Debug = "True"
		Release.AspNetCompiler.Debug = "False"
	EndProjectSection
EndProject
Project("{FAE04EC0-301F-11D3-BF4B-00C04F79EFBC}") = "DALCInsertHelpers.Tests", "Tests\DALCInsertHelpers.Tests\DALCInsertHelpers.Tests.csproj", "{8E6273CD-FB62-45CC-B3FD-B6BDC2A51C0C}"
EndProject
Global
	GlobalSection(TeamFoundationVersionControl) = preSolution
		SccNumberOfProjects = 18
		SccEnterpriseProvider = {4CA58AB2-18FA-4F8D-95D4-32DDF27D184C}
		SccTeamFoundationServer = https://tfs09.codeplex.com/
		SccLocalPath0 = .
		SccProjectUniqueName1 = BusinessServices\\BusinessFacades\\BusinessFacades.csproj
		SccProjectTopLevelParentUniqueName1 = us.naturalproduct.sln
		SccProjectName1 = BusinessServices/BusinessFacades
		SccLocalPath1 = BusinessServices\\BusinessFacades
		SccProjectUniqueName2 = DataServices\\DALCDeleteHelpers\\DALCDeleteHelpers.csproj
		SccProjectTopLevelParentUniqueName2 = us.naturalproduct.sln
		SccProjectName2 = DataServices/DALCDeleteHelpers
		SccLocalPath2 = DataServices\\DALCDeleteHelpers
		SccProjectUniqueName3 = DataServices\\DALCInsertHelpers\\DALCInsertHelpers.csproj
		SccProjectTopLevelParentUniqueName3 = us.naturalproduct.sln
		SccProjectName3 = DataServices/DALCInsertHelpers
		SccLocalPath3 = DataServices\\DALCInsertHelpers
		SccProjectUniqueName4 = DataServices\\DALCQueryHelpers\\DALCQueryHelpers.csproj
		SccProjectTopLevelParentUniqueName4 = us.naturalproduct.sln
		SccProjectName4 = DataServices/DALCQueryHelpers
		SccLocalPath4 = DataServices\\DALCQueryHelpers
		SccProjectUniqueName5 = DataServices\\DALCUpdateHelpers\\DALCUpdateHelpers.csproj
		SccProjectTopLevelParentUniqueName5 = us.naturalproduct.sln
		SccProjectName5 = DataServices/DALCUpdateHelpers
		SccLocalPath5 = DataServices\\DALCUpdateHelpers
		SccProjectUniqueName6 = DataServices\\DataAccessLogicComponents\\DataAccessLogicComponents.csproj
		SccProjectTopLevelParentUniqueName6 = us.naturalproduct.sln
		SccProjectName6 = DataServices/DataAccessLogicComponents
		SccLocalPath6 = DataServices\\DataAccessLogicComponents
		SccProjectUniqueName7 = DataServices\\DataAccessObjects\\DataAccessObjects.csproj
		SccProjectTopLevelParentUniqueName7 = us.naturalproduct.sln
		SccProjectName7 = DataServices/DataAccessObjects
		SccLocalPath7 = DataServices\\DataAccessObjects
		SccProjectUniqueName8 = DataServices\\QueryHelpers\\QueryHelpers.csproj
		SccProjectTopLevelParentUniqueName8 = us.naturalproduct.sln
		SccProjectName8 = DataServices/QueryHelpers
		SccLocalPath8 = DataServices\\QueryHelpers
		SccProjectUniqueName9 = DataServices\\UpdateHelpers\\UpdateHelpers.csproj
		SccProjectTopLevelParentUniqueName9 = us.naturalproduct.sln
		SccProjectName9 = DataServices/UpdateHelpers
		SccLocalPath9 = DataServices\\UpdateHelpers
		SccProjectUniqueName10 = DataServices\\DataTransferObjects\\DataTransferObjects.csproj
		SccProjectTopLevelParentUniqueName10 = us.naturalproduct.sln
		SccProjectName10 = DataServices/DataTransferObjects
		SccLocalPath10 = DataServices\\DataTransferObjects
		SccProjectUniqueName11 = Common\\Common.csproj
		SccProjectTopLevelParentUniqueName11 = us.naturalproduct.sln
		SccProjectName11 = Common
		SccLocalPath11 = Common
		SccProjectUniqueName12 = BusinessServices\\BusinessComponents\\BusinessComponents.csproj
		SccProjectTopLevelParentUniqueName12 = us.naturalproduct.sln
		SccProjectName12 = BusinessServices/BusinessComponents
		SccLocalPath12 = BusinessServices\\BusinessComponents
		SccProjectUniqueName13 = BusinessServices\\BusinessConstants\\BusinessConstants.csproj
		SccProjectTopLevelParentUniqueName13 = us.naturalproduct.sln
		SccProjectName13 = BusinessServices/BusinessConstants
		SccLocalPath13 = BusinessServices\\BusinessConstants
		SccProjectUniqueName14 = BusinessServices\\BusinessObjects\\BusinessObjects.csproj
		SccProjectTopLevelParentUniqueName14 = us.naturalproduct.sln
		SccProjectName14 = BusinessServices/BusinessObjects
		SccLocalPath14 = BusinessServices\\BusinessObjects
		SccProjectUniqueName15 = DataServices\\NPC\\NPC.dbproj
		SccProjectTopLevelParentUniqueName15 = us.naturalproduct.sln
		SccProjectName15 = DataServices/NPC
		SccLocalPath15 = DataServices\\NPC
		SccProjectUniqueName16 = Tests\\DALCInsertHelpers.Tests\\DALCInsertHelpers.Tests.csproj
		SccProjectTopLevelParentUniqueName16 = us.naturalproduct.sln
		SccProjectName16 = Tests/DALCInsertHelpers.Tests
		SccLocalPath16 = Tests\\DALCInsertHelpers.Tests
		SccWebProject17 = true
		SccProjectUniqueName17 = UserServices\\NPCMemberWeb
		SccProjectTopLevelParentUniqueName17 = us.naturalproduct.sln
		SccProjectName17 = UserServices/NPCMemberWeb
		SccLocalPath17 = UserServices\\NPCMemberWeb
		SccProjectEnlistmentChoice17 = 2
	EndGlobalSection
	GlobalSection(SolutionConfigurationPlatforms) = preSolution
		Debug|.NET = Debug|.NET
		Debug|Any CPU = Debug|Any CPU
		Debug|Mixed Platforms = Debug|Mixed Platforms
		Default|.NET = Default|.NET
		Default|Any CPU = Default|Any CPU
		Default|Mixed Platforms = Default|Mixed Platforms
		Release|.NET = Release|.NET
		Release|Any CPU = Release|Any CPU
		Release|Mixed Platforms = Release|Mixed Platforms
	EndGlobalSection
	GlobalSection(ProjectConfigurationPlatforms) = postSolution
		{3DD51EC0-086F-4849-83E7-8674125202D4}.Debug|.NET.ActiveCfg = Debug|Any CPU
		{3DD51EC0-086F-4849-83E7-8674125202D4}.Debug|Any CPU.ActiveCfg = Debug|Any CPU
		{3DD51EC0-086F-4849-83E7-8674125202D4}.Debug|Any CPU.Build.0 = Debug|Any CPU
		{3DD51EC0-086F-4849-83E7-8674125202D4}.Debug|Mixed Platforms.ActiveCfg = Debug|Any CPU
		{3DD51EC0-086F-4849-83E7-8674125202D4}.Debug|Mixed Platforms.Build.0 = Debug|Any CPU
		{3DD51EC0-086F-4849-83E7-8674125202D4}.Default|.NET.ActiveCfg = Debug|Any CPU
		{3DD51EC0-086F-4849-83E7-8674125202D4}.Default|Any CPU.ActiveCfg = Debug|Any CPU
		{3DD51EC0-086F-4849-83E7-8674125202D4}.Default|Any CPU.Build.0 = Debug|Any CPU
		{3DD51EC0-086F-4849-83E7-8674125202D4}.Default|Mixed Platforms.ActiveCfg = Debug|Any CPU
		{3DD51EC0-086F-4849-83E7-8674125202D4}.Default|Mixed Platforms.Build.0 = Debug|Any CPU
		{3DD51EC0-086F-4849-83E7-8674125202D4}.Release|.NET.ActiveCfg = Release|Any CPU
		{3DD51EC0-086F-4849-83E7-8674125202D4}.Release|Any CPU.ActiveCfg = Release|Any CPU
		{3DD51EC0-086F-4849-83E7-8674125202D4}.Release|Any CPU.Build.0 = Release|Any CPU
		{3DD51EC0-086F-4849-83E7-8674125202D4}.Release|Mixed Platforms.ActiveCfg = Release|Any CPU
		{3DD51EC0-086F-4849-83E7-8674125202D4}.Release|Mixed Platforms.Build.0 = Release|Any CPU
		{095683DC-69BE-442D-88D8-5E11B92CE2F8}.Debug|.NET.ActiveCfg = Debug|Any CPU
		{095683DC-69BE-442D-88D8-5E11B92CE2F8}.Debug|Any CPU.ActiveCfg = Debug|Any CPU
		{095683DC-69BE-442D-88D8-5E11B92CE2F8}.Debug|Any CPU.Build.0 = Debug|Any CPU
		{095683DC-69BE-442D-88D8-5E11B92CE2F8}.Debug|Mixed Platforms.ActiveCfg = Debug|Any CPU
		{095683DC-69BE-442D-88D8-5E11B92CE2F8}.Debug|Mixed Platforms.Build.0 = Debug|Any CPU
		{095683DC-69BE-442D-88D8-5E11B92CE2F8}.Default|.NET.ActiveCfg = Debug|Any CPU
		{095683DC-69BE-442D-88D8-5E11B92CE2F8}.Default|Any CPU.ActiveCfg = Debug|Any CPU
		{095683DC-69BE-442D-88D8-5E11B92CE2F8}.Default|Any CPU.Build.0 = Debug|Any CPU
		{095683DC-69BE-442D-88D8-5E11B92CE2F8}.Default|Mixed Platforms.ActiveCfg = Debug|Any CPU
		{095683DC-69BE-442D-88D8-5E11B92CE2F8}.Default|Mixed Platforms.Build.0 = Debug|Any CPU
		{095683DC-69BE-442D-88D8-5E11B92CE2F8}.Release|.NET.ActiveCfg = Release|Any CPU
		{095683DC-69BE-442D-88D8-5E11B92CE2F8}.Release|Any CPU.ActiveCfg = Release|Any CPU
		{095683DC-69BE-442D-88D8-5E11B92CE2F8}.Release|Any CPU.Build.0 = Release|Any CPU
		{095683DC-69BE-442D-88D8-5E11B92CE2F8}.Release|Mixed Platforms.ActiveCfg = Release|Any CPU
		{095683DC-69BE-442D-88D8-5E11B92CE2F8}.Release|Mixed Platforms.Build.0 = Release|Any CPU
		{23CCA065-B2C4-45AE-8E14-1447EB2538CE}.Debug|.NET.ActiveCfg = Debug|Any CPU
		{23CCA065-B2C4-45AE-8E14-1447EB2538CE}.Debug|Any CPU.ActiveCfg = Debug|Any CPU
		{23CCA065-B2C4-45AE-8E14-1447EB2538CE}.Debug|Any CPU.Build.0 = Debug|Any CPU
		{23CCA065-B2C4-45AE-8E14-1447EB2538CE}.Debug|Mixed Platforms.ActiveCfg = Debug|Any CPU
		{23CCA065-B2C4-45AE-8E14-1447EB2538CE}.Debug|Mixed Platforms.Build.0 = Debug|Any CPU
		{23CCA065-B2C4-45AE-8E14-1447EB2538CE}.Default|.NET.ActiveCfg = Debug|Any CPU
		{23CCA065-B2C4-45AE-8E14-1447EB2538CE}.Default|Any CPU.ActiveCfg = Debug|Any CPU
		{23CCA065-B2C4-45AE-8E14-1447EB2538CE}.Default|Any CPU.Build.0 = Debug|Any CPU
		{23CCA065-B2C4-45AE-8E14-1447EB2538CE}.Default|Mixed Platforms.ActiveCfg = Debug|Any CPU
		{23CCA065-B2C4-45AE-8E14-1447EB2538CE}.Default|Mixed Platforms.Build.0 = Debug|Any CPU
		{23CCA065-B2C4-45AE-8E14-1447EB2538CE}.Release|.NET.ActiveCfg = Release|Any CPU
		{23CCA065-B2C4-45AE-8E14-1447EB2538CE}.Release|Any CPU.ActiveCfg = Release|Any CPU
		{23CCA065-B2C4-45AE-8E14-1447EB2538CE}.Release|Any CPU.Build.0 = Release|Any CPU
		{23CCA065-B2C4-45AE-8E14-1447EB2538CE}.Release|Mixed Platforms.ActiveCfg = Release|Any CPU
		{23CCA065-B2C4-45AE-8E14-1447EB2538CE}.Release|Mixed Platforms.Build.0 = Release|Any CPU
		{41E9FBDD-3643-45D3-88D6-B00256CE0FC9}.Debug|.NET.ActiveCfg = Debug|Any CPU
		{41E9FBDD-3643-45D3-88D6-B00256CE0FC9}.Debug|Any CPU.ActiveCfg = Debug|Any CPU
		{41E9FBDD-3643-45D3-88D6-B00256CE0FC9}.Debug|Any CPU.Build.0 = Debug|Any CPU
		{41E9FBDD-3643-45D3-88D6-B00256CE0FC9}.Debug|Mixed Platforms.ActiveCfg = Debug|Any CPU
		{41E9FBDD-3643-45D3-88D6-B00256CE0FC9}.Debug|Mixed Platforms.Build.0 = Debug|Any CPU
		{41E9FBDD-3643-45D3-88D6-B00256CE0FC9}.Default|.NET.ActiveCfg = Debug|Any CPU
		{41E9FBDD-3643-45D3-88D6-B00256CE0FC9}.Default|Any CPU.ActiveCfg = Debug|Any CPU
		{41E9FBDD-3643-45D3-88D6-B00256CE0FC9}.Default|Any CPU.Build.0 = Debug|Any CPU
		{41E9FBDD-3643-45D3-88D6-B00256CE0FC9}.Default|Mixed Platforms.ActiveCfg = Debug|Any CPU
		{41E9FBDD-3643-45D3-88D6-B00256CE0FC9}.Default|Mixed Platforms.Build.0 = Debug|Any CPU
		{41E9FBDD-3643-45D3-88D6-B00256CE0FC9}.Release|.NET.ActiveCfg = Release|Any CPU
		{41E9FBDD-3643-45D3-88D6-B00256CE0FC9}.Release|Any CPU.ActiveCfg = Release|Any CPU
		{41E9FBDD-3643-45D3-88D6-B00256CE0FC9}.Release|Any CPU.Build.0 = Release|Any CPU
		{41E9FBDD-3643-45D3-88D6-B00256CE0FC9}.Release|Mixed Platforms.ActiveCfg = Release|Any CPU
		{41E9FBDD-3643-45D3-88D6-B00256CE0FC9}.Release|Mixed Platforms.Build.0 = Release|Any CPU
		{0EEEA00C-A631-4178-ABF8-BB06C2C6441D}.Debug|.NET.ActiveCfg = Debug|Any CPU
		{0EEEA00C-A631-4178-ABF8-BB06C2C6441D}.Debug|Any CPU.ActiveCfg = Debug|Any CPU
		{0EEEA00C-A631-4178-ABF8-BB06C2C6441D}.Debug|Any CPU.Build.0 = Debug|Any CPU
		{0EEEA00C-A631-4178-ABF8-BB06C2C6441D}.Debug|Mixed Platforms.ActiveCfg = Debug|Any CPU
		{0EEEA00C-A631-4178-ABF8-BB06C2C6441D}.Debug|Mixed Platforms.Build.0 = Debug|Any CPU
		{0EEEA00C-A631-4178-ABF8-BB06C2C6441D}.Default|.NET.ActiveCfg = Debug|Any CPU
		{0EEEA00C-A631-4178-ABF8-BB06C2C6441D}.Default|Any CPU.ActiveCfg = Debug|Any CPU
		{0EEEA00C-A631-4178-ABF8-BB06C2C6441D}.Default|Any CPU.Build.0 = Debug|Any CPU
		{0EEEA00C-A631-4178-ABF8-BB06C2C6441D}.Default|Mixed Platforms.ActiveCfg = Debug|Any CPU
		{0EEEA00C-A631-4178-ABF8-BB06C2C6441D}.Default|Mixed Platforms.Build.0 = Debug|Any CPU
		{0EEEA00C-A631-4178-ABF8-BB06C2C6441D}.Release|.NET.ActiveCfg = Release|Any CPU
		{0EEEA00C-A631-4178-ABF8-BB06C2C6441D}.Release|Any CPU.ActiveCfg = Release|Any CPU
		{0EEEA00C-A631-4178-ABF8-BB06C2C6441D}.Release|Any CPU.Build.0 = Release|Any CPU
		{0EEEA00C-A631-4178-ABF8-BB06C2C6441D}.Release|Mixed Platforms.ActiveCfg = Release|Any CPU
		{0EEEA00C-A631-4178-ABF8-BB06C2C6441D}.Release|Mixed Platforms.Build.0 = Release|Any CPU
		{46F57744-66AE-47C3-AFE2-0FC8739439A9}.Debug|.NET.ActiveCfg = Debug|Any CPU
		{46F57744-66AE-47C3-AFE2-0FC8739439A9}.Debug|Any CPU.ActiveCfg = Debug|Any CPU
		{46F57744-66AE-47C3-AFE2-0FC8739439A9}.Debug|Any CPU.Build.0 = Debug|Any CPU
		{46F57744-66AE-47C3-AFE2-0FC8739439A9}.Debug|Mixed Platforms.ActiveCfg = Debug|Any CPU
		{46F57744-66AE-47C3-AFE2-0FC8739439A9}.Debug|Mixed Platforms.Build.0 = Debug|Any CPU
		{46F57744-66AE-47C3-AFE2-0FC8739439A9}.Default|.NET.ActiveCfg = Debug|Any CPU
		{46F57744-66AE-47C3-AFE2-0FC8739439A9}.Default|Any CPU.ActiveCfg = Debug|Any CPU
		{46F57744-66AE-47C3-AFE2-0FC8739439A9}.Default|Any CPU.Build.0 = Debug|Any CPU
		{46F57744-66AE-47C3-AFE2-0FC8739439A9}.Default|Mixed Platforms.ActiveCfg = Debug|Any CPU
		{46F57744-66AE-47C3-AFE2-0FC8739439A9}.Default|Mixed Platforms.Build.0 = Debug|Any CPU
		{46F57744-66AE-47C3-AFE2-0FC8739439A9}.Release|.NET.ActiveCfg = Release|Any CPU
		{46F57744-66AE-47C3-AFE2-0FC8739439A9}.Release|Any CPU.ActiveCfg = Release|Any CPU
		{46F57744-66AE-47C3-AFE2-0FC8739439A9}.Release|Any CPU.Build.0 = Release|Any CPU
		{46F57744-66AE-47C3-AFE2-0FC8739439A9}.Release|Mixed Platforms.ActiveCfg = Release|Any CPU
		{46F57744-66AE-47C3-AFE2-0FC8739439A9}.Release|Mixed Platforms.Build.0 = Release|Any CPU
		{2E50D81E-2980-45A7-85B6-F6D2C0A09DCD}.Debug|.NET.ActiveCfg = Debug|Any CPU
		{2E50D81E-2980-45A7-85B6-F6D2C0A09DCD}.Debug|Any CPU.ActiveCfg = Debug|Any CPU
		{2E50D81E-2980-45A7-85B6-F6D2C0A09DCD}.Debug|Any CPU.Build.0 = Debug|Any CPU
		{2E50D81E-2980-45A7-85B6-F6D2C0A09DCD}.Debug|Mixed Platforms.ActiveCfg = Debug|Any CPU
		{2E50D81E-2980-45A7-85B6-F6D2C0A09DCD}.Debug|Mixed Platforms.Build.0 = Debug|Any CPU
		{2E50D81E-2980-45A7-85B6-F6D2C0A09DCD}.Default|.NET.ActiveCfg = Debug|Any CPU
		{2E50D81E-2980-45A7-85B6-F6D2C0A09DCD}.Default|Any CPU.ActiveCfg = Debug|Any CPU
		{2E50D81E-2980-45A7-85B6-F6D2C0A09DCD}.Default|Any CPU.Build.0 = Debug|Any CPU
		{2E50D81E-2980-45A7-85B6-F6D2C0A09DCD}.Default|Mixed Platforms.ActiveCfg = Debug|Any CPU
		{2E50D81E-2980-45A7-85B6-F6D2C0A09DCD}.Default|Mixed Platforms.Build.0 = Debug|Any CPU
		{2E50D81E-2980-45A7-85B6-F6D2C0A09DCD}.Release|.NET.ActiveCfg = Release|Any CPU
		{2E50D81E-2980-45A7-85B6-F6D2C0A09DCD}.Release|Any CPU.ActiveCfg = Release|Any CPU
		{2E50D81E-2980-45A7-85B6-F6D2C0A09DCD}.Release|Any CPU.Build.0 = Release|Any CPU
		{2E50D81E-2980-45A7-85B6-F6D2C0A09DCD}.Release|Mixed Platforms.ActiveCfg = Release|Any CPU
		{2E50D81E-2980-45A7-85B6-F6D2C0A09DCD}.Release|Mixed Platforms.Build.0 = Release|Any CPU
		{69941DE0-522C-4335-A4B9-869A861E2190}.Debug|.NET.ActiveCfg = Debug|Any CPU
		{69941DE0-522C-4335-A4B9-869A861E2190}.Debug|Any CPU.ActiveCfg = Debug|Any CPU
		{69941DE0-522C-4335-A4B9-869A861E2190}.Debug|Any CPU.Build.0 = Debug|Any CPU
		{69941DE0-522C-4335-A4B9-869A861E2190}.Debug|Mixed Platforms.ActiveCfg = Debug|Any CPU
		{69941DE0-522C-4335-A4B9-869A861E2190}.Debug|Mixed Platforms.Build.0 = Debug|Any CPU
		{69941DE0-522C-4335-A4B9-869A861E2190}.Default|.NET.ActiveCfg = Debug|Any CPU
		{69941DE0-522C-4335-A4B9-869A861E2190}.Default|Any CPU.ActiveCfg = Debug|Any CPU
		{69941DE0-522C-4335-A4B9-869A861E2190}.Default|Any CPU.Build.0 = Debug|Any CPU
		{69941DE0-522C-4335-A4B9-869A861E2190}.Default|Mixed Platforms.ActiveCfg = Debug|Any CPU
		{69941DE0-522C-4335-A4B9-869A861E2190}.Default|Mixed Platforms.Build.0 = Debug|Any CPU
		{69941DE0-522C-4335-A4B9-869A861E2190}.Release|.NET.ActiveCfg = Release|Any CPU
		{69941DE0-522C-4335-A4B9-869A861E2190}.Release|Any CPU.ActiveCfg = Release|Any CPU
		{69941DE0-522C-4335-A4B9-869A861E2190}.Release|Any CPU.Build.0 = Release|Any CPU
		{69941DE0-522C-4335-A4B9-869A861E2190}.Release|Mixed Platforms.ActiveCfg = Release|Any CPU
		{69941DE0-522C-4335-A4B9-869A861E2190}.Release|Mixed Platforms.Build.0 = Release|Any CPU
		{FE29E9AE-7B0F-42CC-B0EA-B4EDD95A666B}.Debug|.NET.ActiveCfg = Debug|Any CPU
		{FE29E9AE-7B0F-42CC-B0EA-B4EDD95A666B}.Debug|Any CPU.ActiveCfg = Debug|Any CPU
		{FE29E9AE-7B0F-42CC-B0EA-B4EDD95A666B}.Debug|Any CPU.Build.0 = Debug|Any CPU
		{FE29E9AE-7B0F-42CC-B0EA-B4EDD95A666B}.Debug|Mixed Platforms.ActiveCfg = Debug|Any CPU
		{FE29E9AE-7B0F-42CC-B0EA-B4EDD95A666B}.Debug|Mixed Platforms.Build.0 = Debug|Any CPU
		{FE29E9AE-7B0F-42CC-B0EA-B4EDD95A666B}.Default|.NET.ActiveCfg = Debug|Any CPU
		{FE29E9AE-7B0F-42CC-B0EA-B4EDD95A666B}.Default|Any CPU.ActiveCfg = Debug|Any CPU
		{FE29E9AE-7B0F-42CC-B0EA-B4EDD95A666B}.Default|Any CPU.Build.0 = Debug|Any CPU
		{FE29E9AE-7B0F-42CC-B0EA-B4EDD95A666B}.Default|Mixed Platforms.ActiveCfg = Debug|Any CPU
		{FE29E9AE-7B0F-42CC-B0EA-B4EDD95A666B}.Default|Mixed Platforms.Build.0 = Debug|Any CPU
		{FE29E9AE-7B0F-42CC-B0EA-B4EDD95A666B}.Release|.NET.ActiveCfg = Release|Any CPU
		{FE29E9AE-7B0F-42CC-B0EA-B4EDD95A666B}.Release|Any CPU.ActiveCfg = Release|Any CPU
		{FE29E9AE-7B0F-42CC-B0EA-B4EDD95A666B}.Release|Any CPU.Build.0 = Release|Any CPU
		{FE29E9AE-7B0F-42CC-B0EA-B4EDD95A666B}.Release|Mixed Platforms.ActiveCfg = Release|Any CPU
		{FE29E9AE-7B0F-42CC-B0EA-B4EDD95A666B}.Release|Mixed Platforms.Build.0 = Release|Any CPU
		{EBBBDF7E-97A0-4AAF-8F4D-3B0204209E29}.Debug|.NET.ActiveCfg = Debug|.NET
		{EBBBDF7E-97A0-4AAF-8F4D-3B0204209E29}.Debug|.NET.Build.0 = Debug|.NET
		{EBBBDF7E-97A0-4AAF-8F4D-3B0204209E29}.Debug|Any CPU.ActiveCfg = Debug|.NET
		{EBBBDF7E-97A0-4AAF-8F4D-3B0204209E29}.Debug|Mixed Platforms.ActiveCfg = Debug|.NET
		{EBBBDF7E-97A0-4AAF-8F4D-3B0204209E29}.Debug|Mixed Platforms.Build.0 = Debug|.NET
		{EBBBDF7E-97A0-4AAF-8F4D-3B0204209E29}.Default|.NET.ActiveCfg = Debug|.NET
		{EBBBDF7E-97A0-4AAF-8F4D-3B0204209E29}.Default|.NET.Build.0 = Debug|.NET
		{EBBBDF7E-97A0-4AAF-8F4D-3B0204209E29}.Default|Any CPU.ActiveCfg = Debug|.NET
		{EBBBDF7E-97A0-4AAF-8F4D-3B0204209E29}.Default|Mixed Platforms.ActiveCfg = Debug|.NET
		{EBBBDF7E-97A0-4AAF-8F4D-3B0204209E29}.Default|Mixed Platforms.Build.0 = Debug|.NET
		{EBBBDF7E-97A0-4AAF-8F4D-3B0204209E29}.Release|.NET.ActiveCfg = Debug|.NET
		{EBBBDF7E-97A0-4AAF-8F4D-3B0204209E29}.Release|.NET.Build.0 = Debug|.NET
		{EBBBDF7E-97A0-4AAF-8F4D-3B0204209E29}.Release|Any CPU.ActiveCfg = Debug|.NET
		{EBBBDF7E-97A0-4AAF-8F4D-3B0204209E29}.Release|Mixed Platforms.ActiveCfg = Debug|.NET
		{EBBBDF7E-97A0-4AAF-8F4D-3B0204209E29}.Release|Mixed Platforms.Build.0 = Debug|.NET
		{AB94C7C8-B53F-4F61-99B9-F0F5738ECB11}.Debug|.NET.ActiveCfg = Debug|Any CPU
		{AB94C7C8-B53F-4F61-99B9-F0F5738ECB11}.Debug|Any CPU.ActiveCfg = Debug|Any CPU
		{AB94C7C8-B53F-4F61-99B9-F0F5738ECB11}.Debug|Any CPU.Build.0 = Debug|Any CPU
		{AB94C7C8-B53F-4F61-99B9-F0F5738ECB11}.Debug|Mixed Platforms.ActiveCfg = Debug|Any CPU
		{AB94C7C8-B53F-4F61-99B9-F0F5738ECB11}.Debug|Mixed Platforms.Build.0 = Debug|Any CPU
		{AB94C7C8-B53F-4F61-99B9-F0F5738ECB11}.Default|.NET.ActiveCfg = Debug|Any CPU
		{AB94C7C8-B53F-4F61-99B9-F0F5738ECB11}.Default|Any CPU.ActiveCfg = Debug|Any CPU
		{AB94C7C8-B53F-4F61-99B9-F0F5738ECB11}.Default|Any CPU.Build.0 = Debug|Any CPU
		{AB94C7C8-B53F-4F61-99B9-F0F5738ECB11}.Default|Mixed Platforms.ActiveCfg = Debug|Any CPU
		{AB94C7C8-B53F-4F61-99B9-F0F5738ECB11}.Default|Mixed Platforms.Build.0 = Debug|Any CPU
		{AB94C7C8-B53F-4F61-99B9-F0F5738ECB11}.Release|.NET.ActiveCfg = Release|Any CPU
		{AB94C7C8-B53F-4F61-99B9-F0F5738ECB11}.Release|Any CPU.ActiveCfg = Release|Any CPU
		{AB94C7C8-B53F-4F61-99B9-F0F5738ECB11}.Release|Any CPU.Build.0 = Release|Any CPU
		{AB94C7C8-B53F-4F61-99B9-F0F5738ECB11}.Release|Mixed Platforms.ActiveCfg = Release|Any CPU
		{AB94C7C8-B53F-4F61-99B9-F0F5738ECB11}.Release|Mixed Platforms.Build.0 = Release|Any CPU
		{22075CDE-6EE3-4C57-A193-856CFA82D464}.Debug|.NET.ActiveCfg = Debug|Any CPU
		{22075CDE-6EE3-4C57-A193-856CFA82D464}.Debug|Any CPU.ActiveCfg = Debug|Any CPU
		{22075CDE-6EE3-4C57-A193-856CFA82D464}.Debug|Any CPU.Build.0 = Debug|Any CPU
		{22075CDE-6EE3-4C57-A193-856CFA82D464}.Debug|Mixed Platforms.ActiveCfg = Debug|Any CPU
		{22075CDE-6EE3-4C57-A193-856CFA82D464}.Debug|Mixed Platforms.Build.0 = Debug|Any CPU
		{22075CDE-6EE3-4C57-A193-856CFA82D464}.Default|.NET.ActiveCfg = Debug|Any CPU
		{22075CDE-6EE3-4C57-A193-856CFA82D464}.Default|Any CPU.ActiveCfg = Debug|Any CPU
		{22075CDE-6EE3-4C57-A193-856CFA82D464}.Default|Any CPU.Build.0 = Debug|Any CPU
		{22075CDE-6EE3-4C57-A193-856CFA82D464}.Default|Mixed Platforms.ActiveCfg = Debug|Any CPU
		{22075CDE-6EE3-4C57-A193-856CFA82D464}.Default|Mixed Platforms.Build.0 = Debug|Any CPU
		{22075CDE-6EE3-4C57-A193-856CFA82D464}.Release|.NET.ActiveCfg = Release|Any CPU
		{22075CDE-6EE3-4C57-A193-856CFA82D464}.Release|Any CPU.ActiveCfg = Release|Any CPU
		{22075CDE-6EE3-4C57-A193-856CFA82D464}.Release|Any CPU.Build.0 = Release|Any CPU
		{22075CDE-6EE3-4C57-A193-856CFA82D464}.Release|Mixed Platforms.ActiveCfg = Release|Any CPU
		{22075CDE-6EE3-4C57-A193-856CFA82D464}.Release|Mixed Platforms.Build.0 = Release|Any CPU
		{ABDBA4D9-F4AC-43BE-99CF-2560E10BCB6E}.Debug|.NET.ActiveCfg = Debug|Any CPU
		{ABDBA4D9-F4AC-43BE-99CF-2560E10BCB6E}.Debug|Any CPU.ActiveCfg = Debug|Any CPU
		{ABDBA4D9-F4AC-43BE-99CF-2560E10BCB6E}.Debug|Any CPU.Build.0 = Debug|Any CPU
		{ABDBA4D9-F4AC-43BE-99CF-2560E10BCB6E}.Debug|Mixed Platforms.ActiveCfg = Debug|Any CPU
		{ABDBA4D9-F4AC-43BE-99CF-2560E10BCB6E}.Debug|Mixed Platforms.Build.0 = Debug|Any CPU
		{ABDBA4D9-F4AC-43BE-99CF-2560E10BCB6E}.Default|.NET.ActiveCfg = Debug|Any CPU
		{ABDBA4D9-F4AC-43BE-99CF-2560E10BCB6E}.Default|Any CPU.ActiveCfg = Debug|Any CPU
		{ABDBA4D9-F4AC-43BE-99CF-2560E10BCB6E}.Default|Any CPU.Build.0 = Debug|Any CPU
		{ABDBA4D9-F4AC-43BE-99CF-2560E10BCB6E}.Default|Mixed Platforms.ActiveCfg = Debug|Any CPU
		{ABDBA4D9-F4AC-43BE-99CF-2560E10BCB6E}.Default|Mixed Platforms.Build.0 = Debug|Any CPU
		{ABDBA4D9-F4AC-43BE-99CF-2560E10BCB6E}.Release|.NET.ActiveCfg = Release|Any CPU
		{ABDBA4D9-F4AC-43BE-99CF-2560E10BCB6E}.Release|Any CPU.ActiveCfg = Release|Any CPU
		{ABDBA4D9-F4AC-43BE-99CF-2560E10BCB6E}.Release|Any CPU.Build.0 = Release|Any CPU
		{ABDBA4D9-F4AC-43BE-99CF-2560E10BCB6E}.Release|Mixed Platforms.ActiveCfg = Release|Any CPU
		{ABDBA4D9-F4AC-43BE-99CF-2560E10BCB6E}.Release|Mixed Platforms.Build.0 = Release|Any CPU
		{D08043EE-E964-4AD7-A300-05C510CD24CF}.Debug|.NET.ActiveCfg = Debug|Any CPU
		{D08043EE-E964-4AD7-A300-05C510CD24CF}.Debug|Any CPU.ActiveCfg = Debug|Any CPU
		{D08043EE-E964-4AD7-A300-05C510CD24CF}.Debug|Any CPU.Build.0 = Debug|Any CPU
		{D08043EE-E964-4AD7-A300-05C510CD24CF}.Debug|Mixed Platforms.ActiveCfg = Debug|Any CPU
		{D08043EE-E964-4AD7-A300-05C510CD24CF}.Debug|Mixed Platforms.Build.0 = Debug|Any CPU
		{D08043EE-E964-4AD7-A300-05C510CD24CF}.Default|.NET.ActiveCfg = Debug|Any CPU
		{D08043EE-E964-4AD7-A300-05C510CD24CF}.Default|Any CPU.ActiveCfg = Debug|Any CPU
		{D08043EE-E964-4AD7-A300-05C510CD24CF}.Default|Any CPU.Build.0 = Debug|Any CPU
		{D08043EE-E964-4AD7-A300-05C510CD24CF}.Default|Mixed Platforms.ActiveCfg = Debug|Any CPU
		{D08043EE-E964-4AD7-A300-05C510CD24CF}.Default|Mixed Platforms.Build.0 = Debug|Any CPU
		{D08043EE-E964-4AD7-A300-05C510CD24CF}.Release|.NET.ActiveCfg = Release|Any CPU
		{D08043EE-E964-4AD7-A300-05C510CD24CF}.Release|Any CPU.ActiveCfg = Release|Any CPU
		{D08043EE-E964-4AD7-A300-05C510CD24CF}.Release|Any CPU.Build.0 = Release|Any CPU
		{D08043EE-E964-4AD7-A300-05C510CD24CF}.Release|Mixed Platforms.ActiveCfg = Release|Any CPU
		{D08043EE-E964-4AD7-A300-05C510CD24CF}.Release|Mixed Platforms.Build.0 = Release|Any CPU
		{8C638125-49FD-465C-B22F-703BA36D0A2B}.Debug|.NET.ActiveCfg = Debug|Any CPU
		{8C638125-49FD-465C-B22F-703BA36D0A2B}.Debug|Any CPU.ActiveCfg = Debug|Any CPU
		{8C638125-49FD-465C-B22F-703BA36D0A2B}.Debug|Any CPU.Build.0 = Debug|Any CPU
		{8C638125-49FD-465C-B22F-703BA36D0A2B}.Debug|Mixed Platforms.ActiveCfg = Debug|Any CPU
		{8C638125-49FD-465C-B22F-703BA36D0A2B}.Debug|Mixed Platforms.Build.0 = Debug|Any CPU
		{8C638125-49FD-465C-B22F-703BA36D0A2B}.Default|.NET.ActiveCfg = Debug|Any CPU
		{8C638125-49FD-465C-B22F-703BA36D0A2B}.Default|Any CPU.ActiveCfg = Debug|Any CPU
		{8C638125-49FD-465C-B22F-703BA36D0A2B}.Default|Any CPU.Build.0 = Debug|Any CPU
		{8C638125-49FD-465C-B22F-703BA36D0A2B}.Default|Mixed Platforms.ActiveCfg = Debug|Any CPU
		{8C638125-49FD-465C-B22F-703BA36D0A2B}.Default|Mixed Platforms.Build.0 = Debug|Any CPU
		{8C638125-49FD-465C-B22F-703BA36D0A2B}.Release|.NET.ActiveCfg = Release|Any CPU
		{8C638125-49FD-465C-B22F-703BA36D0A2B}.Release|Any CPU.ActiveCfg = Release|Any CPU
		{8C638125-49FD-465C-B22F-703BA36D0A2B}.Release|Any CPU.Build.0 = Release|Any CPU
		{8C638125-49FD-465C-B22F-703BA36D0A2B}.Release|Mixed Platforms.ActiveCfg = Release|Any CPU
		{8C638125-49FD-465C-B22F-703BA36D0A2B}.Release|Mixed Platforms.Build.0 = Release|Any CPU
		{70DD6C7F-475D-4A3B-A65F-7B05BD1A93FB}.Debug|.NET.ActiveCfg = Default|Any CPU
		{70DD6C7F-475D-4A3B-A65F-7B05BD1A93FB}.Debug|Any CPU.ActiveCfg = Default|Any CPU
		{70DD6C7F-475D-4A3B-A65F-7B05BD1A93FB}.Debug|Any CPU.Build.0 = Default|Any CPU
		{70DD6C7F-475D-4A3B-A65F-7B05BD1A93FB}.Debug|Any CPU.Deploy.0 = Default|Any CPU
		{70DD6C7F-475D-4A3B-A65F-7B05BD1A93FB}.Debug|Mixed Platforms.ActiveCfg = Default|Any CPU
		{70DD6C7F-475D-4A3B-A65F-7B05BD1A93FB}.Debug|Mixed Platforms.Build.0 = Default|Any CPU
		{70DD6C7F-475D-4A3B-A65F-7B05BD1A93FB}.Default|.NET.ActiveCfg = Default|Any CPU
		{70DD6C7F-475D-4A3B-A65F-7B05BD1A93FB}.Default|Any CPU.ActiveCfg = Default|Any CPU
		{70DD6C7F-475D-4A3B-A65F-7B05BD1A93FB}.Default|Any CPU.Build.0 = Default|Any CPU
		{70DD6C7F-475D-4A3B-A65F-7B05BD1A93FB}.Default|Any CPU.Deploy.0 = Default|Any CPU
		{70DD6C7F-475D-4A3B-A65F-7B05BD1A93FB}.Default|Mixed Platforms.ActiveCfg = Default|Any CPU
		{70DD6C7F-475D-4A3B-A65F-7B05BD1A93FB}.Default|Mixed Platforms.Build.0 = Default|Any CPU
		{70DD6C7F-475D-4A3B-A65F-7B05BD1A93FB}.Release|.NET.ActiveCfg = Default|Any CPU
		{70DD6C7F-475D-4A3B-A65F-7B05BD1A93FB}.Release|Any CPU.ActiveCfg = Default|Any CPU
		{70DD6C7F-475D-4A3B-A65F-7B05BD1A93FB}.Release|Any CPU.Build.0 = Default|Any CPU
		{70DD6C7F-475D-4A3B-A65F-7B05BD1A93FB}.Release|Any CPU.Deploy.0 = Default|Any CPU
		{70DD6C7F-475D-4A3B-A65F-7B05BD1A93FB}.Release|Mixed Platforms.ActiveCfg = Default|Any CPU
		{70DD6C7F-475D-4A3B-A65F-7B05BD1A93FB}.Release|Mixed Platforms.Build.0 = Default|Any CPU
		{8E6273CD-FB62-45CC-B3FD-B6BDC2A51C0C}.Debug|.NET.ActiveCfg = Debug|Any CPU
		{8E6273CD-FB62-45CC-B3FD-B6BDC2A51C0C}.Debug|Any CPU.ActiveCfg = Debug|Any CPU
		{8E6273CD-FB62-45CC-B3FD-B6BDC2A51C0C}.Debug|Any CPU.Build.0 = Debug|Any CPU
		{8E6273CD-FB62-45CC-B3FD-B6BDC2A51C0C}.Debug|Mixed Platforms.ActiveCfg = Debug|Any CPU
		{8E6273CD-FB62-45CC-B3FD-B6BDC2A51C0C}.Debug|Mixed Platforms.Build.0 = Debug|Any CPU
		{8E6273CD-FB62-45CC-B3FD-B6BDC2A51C0C}.Default|.NET.ActiveCfg = Debug|Any CPU
		{8E6273CD-FB62-45CC-B3FD-B6BDC2A51C0C}.Default|Any CPU.ActiveCfg = Debug|Any CPU
		{8E6273CD-FB62-45CC-B3FD-B6BDC2A51C0C}.Default|Any CPU.Build.0 = Debug|Any CPU
		{8E6273CD-FB62-45CC-B3FD-B6BDC2A51C0C}.Default|Mixed Platforms.ActiveCfg = Debug|Any CPU
		{8E6273CD-FB62-45CC-B3FD-B6BDC2A51C0C}.Default|Mixed Platforms.Build.0 = Debug|Any CPU
		{8E6273CD-FB62-45CC-B3FD-B6BDC2A51C0C}.Release|.NET.ActiveCfg = Release|Any CPU
		{8E6273CD-FB62-45CC-B3FD-B6BDC2A51C0C}.Release|Any CPU.ActiveCfg = Release|Any CPU
		{8E6273CD-FB62-45CC-B3FD-B6BDC2A51C0C}.Release|Any CPU.Build.0 = Release|Any CPU
		{8E6273CD-FB62-45CC-B3FD-B6BDC2A51C0C}.Release|Mixed Platforms.ActiveCfg = Release|Any CPU
		{8E6273CD-FB62-45CC-B3FD-B6BDC2A51C0C}.Release|Mixed Platforms.Build.0 = Release|Any CPU
	EndGlobalSection
	GlobalSection(SolutionProperties) = preSolution
		HideSolutionNode = FALSE
	EndGlobalSection
	GlobalSection(NestedProjects) = preSolution
		{22075CDE-6EE3-4C57-A193-856CFA82D464} = {CC0488B2-E368-4D43-B488-23D5C27BBC99}
		{3DD51EC0-086F-4849-83E7-8674125202D4} = {38C59B26-0545-4AB3-A64D-3F9EE0F4CD13}
		{ABDBA4D9-F4AC-43BE-99CF-2560E10BCB6E} = {38C59B26-0545-4AB3-A64D-3F9EE0F4CD13}
		{D08043EE-E964-4AD7-A300-05C510CD24CF} = {38C59B26-0545-4AB3-A64D-3F9EE0F4CD13}
		{8C638125-49FD-465C-B22F-703BA36D0A2B} = {38C59B26-0545-4AB3-A64D-3F9EE0F4CD13}
		{095683DC-69BE-442D-88D8-5E11B92CE2F8} = {8C2C03E0-B295-4956-9751-19E439E95DC8}
		{23CCA065-B2C4-45AE-8E14-1447EB2538CE} = {8C2C03E0-B295-4956-9751-19E439E95DC8}
		{41E9FBDD-3643-45D3-88D6-B00256CE0FC9} = {8C2C03E0-B295-4956-9751-19E439E95DC8}
		{0EEEA00C-A631-4178-ABF8-BB06C2C6441D} = {8C2C03E0-B295-4956-9751-19E439E95DC8}
		{46F57744-66AE-47C3-AFE2-0FC8739439A9} = {8C2C03E0-B295-4956-9751-19E439E95DC8}
		{2E50D81E-2980-45A7-85B6-F6D2C0A09DCD} = {8C2C03E0-B295-4956-9751-19E439E95DC8}
		{69941DE0-522C-4335-A4B9-869A861E2190} = {8C2C03E0-B295-4956-9751-19E439E95DC8}
		{FE29E9AE-7B0F-42CC-B0EA-B4EDD95A666B} = {8C2C03E0-B295-4956-9751-19E439E95DC8}
		{AB94C7C8-B53F-4F61-99B9-F0F5738ECB11} = {8C2C03E0-B295-4956-9751-19E439E95DC8}
		{70DD6C7F-475D-4A3B-A65F-7B05BD1A93FB} = {8C2C03E0-B295-4956-9751-19E439E95DC8}
		{EBBBDF7E-97A0-4AAF-8F4D-3B0204209E29} = {FF051E56-66EB-4F3D-8642-0764029CD9E7}
		{BBD3468D-9C73-4EF8-9EF1-988915FCF2EC} = {D2DF2050-E791-41C9-A599-821FDF8697CF}
		{8E6273CD-FB62-45CC-B3FD-B6BDC2A51C0C} = {D2DF2050-E791-41C9-A599-821FDF8697CF}
	EndGlobalSection
EndGlobal
