
Microsoft Visual Studio Solution File, Format Version 10.00
# Visual Studio 2008
Project("{2150E333-8FDC-42A3-9474-1A3956D46DE8}") = "web", "web", "{6A5EB26A-CCDF-4EB5-829F-669CF46FA6B6}"
EndProject
Project("{E24C65DC-7377-472B-9ABA-BC803B73C61A}") = "www.naturalproduct.us", "..\www.naturalproduct.us", "{CC0B94A4-485A-42BB-8E69-1C57065E1678}"
	ProjectSection(WebsiteProperties) = preProject
		SccProjectName = "SAK"
		SccAuxPath = "SAK"
		SccLocalPath = "SAK"
		SccProvider = "SAK"
		TargetFramework = "3.5"
		Debug.AspNetCompiler.VirtualPath = "/www.naturalproduct.us"
		Debug.AspNetCompiler.PhysicalPath = "..\www.naturalproduct.us\"
		Debug.AspNetCompiler.TargetPath = "PrecompiledWeb\www.naturalproduct.us\"
		Debug.AspNetCompiler.Updateable = "true"
		Debug.AspNetCompiler.ForceOverwrite = "true"
		Debug.AspNetCompiler.FixedNames = "false"
		Debug.AspNetCompiler.Debug = "True"
		Release.AspNetCompiler.VirtualPath = "/www.naturalproduct.us"
		Release.AspNetCompiler.PhysicalPath = "..\www.naturalproduct.us\"
		Release.AspNetCompiler.TargetPath = "PrecompiledWeb\www.naturalproduct.us\"
		Release.AspNetCompiler.Updateable = "true"
		Release.AspNetCompiler.ForceOverwrite = "true"
		Release.AspNetCompiler.FixedNames = "false"
		Release.AspNetCompiler.Debug = "False"
		VWDPort = "1242"
	EndProjectSection
EndProject
Project("{2150E333-8FDC-42A3-9474-1A3956D46DE8}") = "Solution Items", "Solution Items", "{4E4BD487-A618-44A4-A8F8-38AF08A5F812}"
EndProject
Global
	GlobalSection(TeamFoundationVersionControl) = preSolution
		SccNumberOfProjects = 2
		SccEnterpriseProvider = {4CA58AB2-18FA-4F8D-95D4-32DDF27D184C}
		SccTeamFoundationServer = https://tfs.codeplex.com/tfs/TFS09
		SccLocalPath0 = .
		SccWebProject1 = true
		SccProjectUniqueName1 = .
		SccProjectTopLevelParentUniqueName1 = www.naturalproduct.us.sln
		SccLocalPath1 = .
		SccProjectEnlistmentChoice1 = 2
	EndGlobalSection
	GlobalSection(SolutionConfigurationPlatforms) = preSolution
		Debug|.NET = Debug|.NET
	EndGlobalSection
	GlobalSection(ProjectConfigurationPlatforms) = postSolution
		{CC0B94A4-485A-42BB-8E69-1C57065E1678}.Debug|.NET.ActiveCfg = Debug|.NET
		{CC0B94A4-485A-42BB-8E69-1C57065E1678}.Debug|.NET.Build.0 = Debug|.NET
	EndGlobalSection
	GlobalSection(SolutionProperties) = preSolution
		HideSolutionNode = FALSE
	EndGlobalSection
	GlobalSection(NestedProjects) = preSolution
		{CC0B94A4-485A-42BB-8E69-1C57065E1678} = {6A5EB26A-CCDF-4EB5-829F-669CF46FA6B6}
	EndGlobalSection
EndGlobal
